
Microsoft Visual Studio Solution File, Format Version 12.00
# Visual Studio Version 17
VisualStudioVersion = 17.5.2.0
MinimumVisualStudioVersion = 10.0.40219.1
Project("{2150E333-8FDC-42A3-9474-1A3956D46DE8}") = "src", "src", "{827E0CD3-B72D-47B6-A68D-7590B98EB39B}"
EndProject
Project("{FAE04EC0-301F-11D3-BF4B-00C04F79EFBC}") = "BikePOS.Domain", "src\BikePOS.Domain\BikePOS.Domain.csproj", "{D5BBE26E-439A-4732-90CC-491DADE5667D}"
EndProject
Project("{FAE04EC0-301F-11D3-BF4B-00C04F79EFBC}") = "BikePOS.Interfaces", "src\BikePOS.Interfaces\BikePOS.Interfaces.csproj", "{C235F93F-A6D3-452E-94D8-00FC67DE0368}"
EndProject
Project("{FAE04EC0-301F-11D3-BF4B-00C04F79EFBC}") = "BikePOS.Application", "src\BikePOS.Application\BikePOS.Application.csproj", "{D7266F1A-564D-444A-9948-ED5FD74EA245}"
EndProject
Project("{FAE04EC0-301F-11D3-BF4B-00C04F79EFBC}") = "BikePOS.Infrastructure", "src\BikePOS.Infrastructure\BikePOS.Infrastructure.csproj", "{24CC5971-1977-4578-82E2-47F12C9637DE}"
EndProject
Project("{FAE04EC0-301F-11D3-BF4B-00C04F79EFBC}") = "BikePOS.Web", "src\BikePOS.Web\BikePOS.Web.csproj", "{D73326DE-3EB6-43C2-84E1-99BD018D1B47}"
EndProject
Global
	GlobalSection(SolutionConfigurationPlatforms) = preSolution
		Debug|Any CPU = Debug|Any CPU
		Debug|x64 = Debug|x64
		Debug|x86 = Debug|x86
		Release|Any CPU = Release|Any CPU
		Release|x64 = Release|x64
		Release|x86 = Release|x86
	EndGlobalSection
	GlobalSection(ProjectConfigurationPlatforms) = postSolution
		{D5BBE26E-439A-4732-90CC-491DADE5667D}.Debug|Any CPU.ActiveCfg = Debug|Any CPU
		{D5BBE26E-439A-4732-90CC-491DADE5667D}.Debug|Any CPU.Build.0 = Debug|Any CPU
		{D5BBE26E-439A-4732-90CC-491DADE5667D}.Debug|x64.ActiveCfg = Debug|Any CPU
		{D5BBE26E-439A-4732-90CC-491DADE5667D}.Debug|x64.Build.0 = Debug|Any CPU
		{D5BBE26E-439A-4732-90CC-491DADE5667D}.Debug|x86.ActiveCfg = Debug|Any CPU
		{D5BBE26E-439A-4732-90CC-491DADE5667D}.Debug|x86.Build.0 = Debug|Any CPU
		{D5BBE26E-439A-4732-90CC-491DADE5667D}.Release|Any CPU.ActiveCfg = Release|Any CPU
		{D5BBE26E-439A-4732-90CC-491DADE5667D}.Release|Any CPU.Build.0 = Release|Any CPU
		{D5BBE26E-439A-4732-90CC-491DADE5667D}.Release|x64.ActiveCfg = Release|Any CPU
		{D5BBE26E-439A-4732-90CC-491DADE5667D}.Release|x64.Build.0 = Release|Any CPU
		{D5BBE26E-439A-4732-90CC-491DADE5667D}.Release|x86.ActiveCfg = Release|Any CPU
		{D5BBE26E-439A-4732-90CC-491DADE5667D}.Release|x86.Build.0 = Release|Any CPU
		{C235F93F-A6D3-452E-94D8-00FC67DE0368}.Debug|Any CPU.ActiveCfg = Debug|Any CPU
		{C235F93F-A6D3-452E-94D8-00FC67DE0368}.Debug|Any CPU.Build.0 = Debug|Any CPU
		{C235F93F-A6D3-452E-94D8-00FC67DE0368}.Debug|x64.ActiveCfg = Debug|Any CPU
		{C235F93F-A6D3-452E-94D8-00FC67DE0368}.Debug|x64.Build.0 = Debug|Any CPU
		{C235F93F-A6D3-452E-94D8-00FC67DE0368}.Debug|x86.ActiveCfg = Debug|Any CPU
		{C235F93F-A6D3-452E-94D8-00FC67DE0368}.Debug|x86.Build.0 = Debug|Any CPU
		{C235F93F-A6D3-452E-94D8-00FC67DE0368}.Release|Any CPU.ActiveCfg = Release|Any CPU
		{C235F93F-A6D3-452E-94D8-00FC67DE0368}.Release|Any CPU.Build.0 = Release|Any CPU
		{C235F93F-A6D3-452E-94D8-00FC67DE0368}.Release|x64.ActiveCfg = Release|Any CPU
		{C235F93F-A6D3-452E-94D8-00FC67DE0368}.Release|x64.Build.0 = Release|Any CPU
		{C235F93F-A6D3-452E-94D8-00FC67DE0368}.Release|x86.ActiveCfg = Release|Any CPU
		{C235F93F-A6D3-452E-94D8-00FC67DE0368}.Release|x86.Build.0 = Release|Any CPU
		{D7266F1A-564D-444A-9948-ED5FD74EA245}.Debug|Any CPU.ActiveCfg = Debug|Any CPU
		{D7266F1A-564D-444A-9948-ED5FD74EA245}.Debug|Any CPU.Build.0 = Debug|Any CPU
		{D7266F1A-564D-444A-9948-ED5FD74EA245}.Debug|x64.ActiveCfg = Debug|Any CPU
		{D7266F1A-564D-444A-9948-ED5FD74EA245}.Debug|x64.Build.0 = Debug|Any CPU
		{D7266F1A-564D-444A-9948-ED5FD74EA245}.Debug|x86.ActiveCfg = Debug|Any CPU
		{D7266F1A-564D-444A-9948-ED5FD74EA245}.Debug|x86.Build.0 = Debug|Any CPU
		{D7266F1A-564D-444A-9948-ED5FD74EA245}.Release|Any CPU.ActiveCfg = Release|Any CPU
		{D7266F1A-564D-444A-9948-ED5FD74EA245}.Release|Any CPU.Build.0 = Release|Any CPU
		{D7266F1A-564D-444A-9948-ED5FD74EA245}.Release|x64.ActiveCfg = Release|Any CPU
		{D7266F1A-564D-444A-9948-ED5FD74EA245}.Release|x64.Build.0 = Release|Any CPU
		{D7266F1A-564D-444A-9948-ED5FD74EA245}.Release|x86.ActiveCfg = Release|Any CPU
		{D7266F1A-564D-444A-9948-ED5FD74EA245}.Release|x86.Build.0 = Release|Any CPU
		{24CC5971-1977-4578-82E2-47F12C9637DE}.Debug|Any CPU.ActiveCfg = Debug|Any CPU
		{24CC5971-1977-4578-82E2-47F12C9637DE}.Debug|Any CPU.Build.0 = Debug|Any CPU
		{24CC5971-1977-4578-82E2-47F12C9637DE}.Debug|x64.ActiveCfg = Debug|Any CPU
		{24CC5971-1977-4578-82E2-47F12C9637DE}.Debug|x64.Build.0 = Debug|Any CPU
		{24CC5971-1977-4578-82E2-47F12C9637DE}.Debug|x86.ActiveCfg = Debug|Any CPU
		{24CC5971-1977-4578-82E2-47F12C9637DE}.Debug|x86.Build.0 = Debug|Any CPU
		{24CC5971-1977-4578-82E2-47F12C9637DE}.Release|Any CPU.ActiveCfg = Release|Any CPU
		{24CC5971-1977-4578-82E2-47F12C9637DE}.Release|Any CPU.Build.0 = Release|Any CPU
		{24CC5971-1977-4578-82E2-47F12C9637DE}.Release|x64.ActiveCfg = Release|Any CPU
		{24CC5971-1977-4578-82E2-47F12C9637DE}.Release|x64.Build.0 = Release|Any CPU
		{24CC5971-1977-4578-82E2-47F12C9637DE}.Release|x86.ActiveCfg = Release|Any CPU
		{24CC5971-1977-4578-82E2-47F12C9637DE}.Release|x86.Build.0 = Release|Any CPU
		{D73326DE-3EB6-43C2-84E1-99BD018D1B47}.Debug|Any CPU.ActiveCfg = Debug|Any CPU
		{D73326DE-3EB6-43C2-84E1-99BD018D1B47}.Debug|Any CPU.Build.0 = Debug|Any CPU
		{D73326DE-3EB6-43C2-84E1-99BD018D1B47}.Debug|x64.ActiveCfg = Debug|Any CPU
		{D73326DE-3EB6-43C2-84E1-99BD018D1B47}.Debug|x64.Build.0 = Debug|Any CPU
		{D73326DE-3EB6-43C2-84E1-99BD018D1B47}.Debug|x86.ActiveCfg = Debug|Any CPU
		{D73326DE-3EB6-43C2-84E1-99BD018D1B47}.Debug|x86.Build.0 = Debug|Any CPU
		{D73326DE-3EB6-43C2-84E1-99BD018D1B47}.Release|Any CPU.ActiveCfg = Release|Any CPU
		{D73326DE-3EB6-43C2-84E1-99BD018D1B47}.Release|Any CPU.Build.0 = Release|Any CPU
		{D73326DE-3EB6-43C2-84E1-99BD018D1B47}.Release|x64.ActiveCfg = Release|Any CPU
		{D73326DE-3EB6-43C2-84E1-99BD018D1B47}.Release|x64.Build.0 = Release|Any CPU
		{D73326DE-3EB6-43C2-84E1-99BD018D1B47}.Release|x86.ActiveCfg = Release|Any CPU
		{D73326DE-3EB6-43C2-84E1-99BD018D1B47}.Release|x86.Build.0 = Release|Any CPU
	EndGlobalSection
	GlobalSection(SolutionProperties) = preSolution
		HideSolutionNode = FALSE
	EndGlobalSection
	GlobalSection(NestedProjects) = preSolution
		{D5BBE26E-439A-4732-90CC-491DADE5667D} = {827E0CD3-B72D-47B6-A68D-7590B98EB39B}
		{C235F93F-A6D3-452E-94D8-00FC67DE0368} = {827E0CD3-B72D-47B6-A68D-7590B98EB39B}
		{D7266F1A-564D-444A-9948-ED5FD74EA245} = {827E0CD3-B72D-47B6-A68D-7590B98EB39B}
		{24CC5971-1977-4578-82E2-47F12C9637DE} = {827E0CD3-B72D-47B6-A68D-7590B98EB39B}
		{D73326DE-3EB6-43C2-84E1-99BD018D1B47} = {827E0CD3-B72D-47B6-A68D-7590B98EB39B}
	EndGlobalSection
	GlobalSection(ExtensibilityGlobals) = postSolution
		SolutionGuid = {1F1AC903-3626-4404-95BB-6365DC7A3247}
	EndGlobalSection
EndGlobal
